# This file is autogenerated, do not edit; changes may be undone by the next 'dep ensure'.


[[projects]]
  name = "github.com/adrianmo/go-nmea"
  packages = ["."]
  revision = "548226f132ebebaa1f93b35d8db04dad4e806f68"
  source = "github.com/parrotmac/go-nmea"

[[projects]]
  branch = "master"
  name = "github.com/creack/goselect"
  packages = ["."]
  revision = "58854f77ee8d858ce751b0a9bcc5533fef7bfa9e"

[[projects]]
  name = "github.com/eclipse/paho.mqtt.golang"
  packages = [
    ".",
    "packets"
  ]
  revision = "36d01c2b4cbeb3d2a12063e4880ce30800af9560"
  version = "v1.1.1"

[[projects]]
  name = "github.com/konsorten/go-windows-terminal-sequences"
  packages = ["."]
  revision = "5c8c8bd35d3832f5d134ae1e1e375b69a4d25242"
  version = "v1.0.1"

[[projects]]
  name = "github.com/sirupsen/logrus"
  packages = ["."]
  revision = "bcd833dfe83d3cebad139e4a29ed79cb2318bf95"
  version = "v1.2.0"

[[projects]]
  branch = "master"
  name = "go.bug.st/serial.v1"
  packages = [
    ".",
    "unixutils"
  ]
  revision = "5f7892a7bb453066bdc6683b9b5d24d9dee03ec1"

[[projects]]
  branch = "master"
  name = "golang.org/x/crypto"
  packages = ["ssh/terminal"]
  revision = "505ab145d0a99da450461ae2c1a9f6cd10d1f447"

[[projects]]
  branch = "master"
  name = "golang.org/x/net"
  packages = [
    "internal/socks",
    "proxy",
    "websocket"
  ]
  revision = "927f97764cc334a6575f4b7a1584a147864d5723"

[[projects]]
  branch = "master"
  name = "golang.org/x/sys"
  packages = [
    "unix",
    "windows"
  ]
  revision = "9a3f9b0469bbc6b8802087ae5c0af9f61502de01"

[solve-meta]
  analyzer-name = "dep"
  analyzer-version = 1
  inputs-digest = "2f63ba683b0f29ba9685acae6016df4d12cca91f4a737919fc9b6a96f6b1ae23"
  solver-name = "gps-cdcl"
  solver-version = 1
